
Microsoft Visual Studio Solution File, Format Version 12.00
# Visual Studio Version 16
VisualStudioVersion = 16.0.32802.440
MinimumVisualStudioVersion = 10.0.40219.1
Project("{FAE04EC0-301F-11D3-BF4B-00C04F79EFBC}") = "FileExtractor", "FileExtractor\FileExtractor.csproj", "{CFA0CCA4-C4E6-415F-AFEE-905883088169}"
EndProject
Global
	GlobalSection(SolutionConfigurationPlatforms) = preSolution
		Debug|Any CPU = Debug|Any CPU
		Release|Any CPU = Release|Any CPU
	EndGlobalSection
	GlobalSection(ProjectConfigurationPlatforms) = postSolution
		{CFA0CCA4-C4E6-415F-AFEE-905883088169}.Debug|Any CPU.ActiveCfg = Debug|Any CPU
		{CFA0CCA4-C4E6-415F-AFEE-905883088169}.Debug|Any CPU.Build.0 = Debug|Any CPU
		{CFA0CCA4-C4E6-415F-AFEE-905883088169}.Release|Any CPU.ActiveCfg = Release|Any CPU
		{CFA0CCA4-C4E6-415F-AFEE-905883088169}.Release|Any CPU.Build.0 = Release|Any CPU
	EndGlobalSection
	GlobalSection(SolutionProperties) = preSolution
		HideSolutionNode = FALSE
	EndGlobalSection
	GlobalSection(ExtensibilityGlobals) = postSolution
		SolutionGuid = {3D29FC79-AB4C-4DD8-85C1-CC03C8214863}
	EndGlobalSection
EndGlobal
